{
	"name": "runt-example",
	"version": "1.0.0",
	"lockfileVersion": 2,
	"requires": true,
	"packages": {
		"": {
			"name": "runt-example",
			"version": "1.0.0",
			"license": "ISC",
			"dependencies": {
				"runt": "file:../runt"
			}
		},
		"../runt": {
			"version": "0.0.1",
			"license": "MIT",
			"dependencies": {
				"chalk": "^5.0.1",
				"meow": "^10.1.3"
			},
			"bin": {
				"runt": "bin.js"
			}
		},
		"node_modules/runt": {
			"resolved": "../runt",
			"link": true
		}
	},
	"dependencies": {
		"runt": {
			"version": "file:../runt",
			"requires": {
				"chalk": "^5.0.1",
				"meow": "^10.1.3"
			}
		}
	}
}
